// !$*UTF8*$!
{
	archiveVersion = 1;
	classes = {
	};
	objectVersion = 56;
	objects = {

/* Begin PBXBuildFile section */
		450200A32AB6E33B007EAE01 /* ToDoListApp.swift in Sources */ = {isa = PBXBuildFile; fileRef = 450200A22AB6E33B007EAE01 /* ToDoListApp.swift */; };
		450200A52AB6E33B007EAE01 /* MainView.swift in Sources */ = {isa = PBXBuildFile; fileRef = 450200A42AB6E33B007EAE01 /* MainView.swift */; };
		450200A72AB6E33E007EAE01 /* Assets.xcassets in Resources */ = {isa = PBXBuildFile; fileRef = 450200A62AB6E33E007EAE01 /* Assets.xcassets */; };
		450200AA2AB6E33E007EAE01 /* Preview Assets.xcassets in Resources */ = {isa = PBXBuildFile; fileRef = 450200A92AB6E33E007EAE01 /* Preview Assets.xcassets */; };
		450200B22AB6E3BA007EAE01 /* FirebaseAuth in Frameworks */ = {isa = PBXBuildFile; productRef = 450200B12AB6E3BA007EAE01 /* FirebaseAuth */; };
		450200B42AB6E3BA007EAE01 /* FirebaseFirestore in Frameworks */ = {isa = PBXBuildFile; productRef = 450200B32AB6E3BA007EAE01 /* FirebaseFirestore */; };
		450200B62AB6E3BA007EAE01 /* FirebaseFirestoreSwift in Frameworks */ = {isa = PBXBuildFile; productRef = 450200B52AB6E3BA007EAE01 /* FirebaseFirestoreSwift */; };
		450200BA2AB6E465007EAE01 /* GoogleService-Info-2.plist in Resources */ = {isa = PBXBuildFile; fileRef = 450200B92AB6E464007EAE01 /* GoogleService-Info-2.plist */; };
		450200CC2AB6E8F6007EAE01 /* ProfileView.swift in Sources */ = {isa = PBXBuildFile; fileRef = 450200CB2AB6E8F6007EAE01 /* ProfileView.swift */; };
		450200CE2AB6E90B007EAE01 /* ToDoListView.swift in Sources */ = {isa = PBXBuildFile; fileRef = 450200CD2AB6E90B007EAE01 /* ToDoListView.swift */; };
		450200D02AB6E920007EAE01 /* NewitemView.swift in Sources */ = {isa = PBXBuildFile; fileRef = 450200CF2AB6E920007EAE01 /* NewitemView.swift */; };
		450200D22AB6E930007EAE01 /* LoginView.swift in Sources */ = {isa = PBXBuildFile; fileRef = 450200D12AB6E930007EAE01 /* LoginView.swift */; };
		450200D42AB6E940007EAE01 /* RegisterView.swift in Sources */ = {isa = PBXBuildFile; fileRef = 450200D32AB6E940007EAE01 /* RegisterView.swift */; };
		450200D62AB6E95A007EAE01 /* ToDoListitemView.swift in Sources */ = {isa = PBXBuildFile; fileRef = 450200D52AB6E95A007EAE01 /* ToDoListitemView.swift */; };
		450200D82AB6E988007EAE01 /* User.swift in Sources */ = {isa = PBXBuildFile; fileRef = 450200D72AB6E988007EAE01 /* User.swift */; };
		450200DA2AB6E9A0007EAE01 /* ToDoListitem.swift in Sources */ = {isa = PBXBuildFile; fileRef = 450200D92AB6E9A0007EAE01 /* ToDoListitem.swift */; };
		450200DC2AB6E9E0007EAE01 /* MainViewViewModel.swift in Sources */ = {isa = PBXBuildFile; fileRef = 450200DB2AB6E9E0007EAE01 /* MainViewViewModel.swift */; };
		450200DE2AB6EA04007EAE01 /* ProfileViewViewModel.swift in Sources */ = {isa = PBXBuildFile; fileRef = 450200DD2AB6EA04007EAE01 /* ProfileViewViewModel.swift */; };
		450200E02AB6EA2B007EAE01 /* ToDoListViewViewModel.swift in Sources */ = {isa = PBXBuildFile; fileRef = 450200DF2AB6EA2B007EAE01 /* ToDoListViewViewModel.swift */; };
		450200E22AB6EA49007EAE01 /* NewitemViewViewModel.swift in Sources */ = {isa = PBXBuildFile; fileRef = 450200E12AB6EA49007EAE01 /* NewitemViewViewModel.swift */; };
		450200E42AB6EA61007EAE01 /* LoginViewViewModel.swift in Sources */ = {isa = PBXBuildFile; fileRef = 450200E32AB6EA61007EAE01 /* LoginViewViewModel.swift */; };
		450200E62AB6EA78007EAE01 /* RegisterViewViewModel.swift in Sources */ = {isa = PBXBuildFile; fileRef = 450200E52AB6EA78007EAE01 /* RegisterViewViewModel.swift */; };
		450200E82AB6EAA9007EAE01 /* ToDoListitemViewViewModel.swift in Sources */ = {isa = PBXBuildFile; fileRef = 450200E72AB6EAA9007EAE01 /* ToDoListitemViewViewModel.swift */; };
		450200EA2AB6F088007EAE01 /* HeaderView.swift in Sources */ = {isa = PBXBuildFile; fileRef = 450200E92AB6F088007EAE01 /* HeaderView.swift */; };
/* End PBXBuildFile section */

/* Begin PBXFileReference section */
		4502009F2AB6E33B007EAE01 /* ToDoList.app */ = {isa = PBXFileReference; explicitFileType = wrapper.application; includeInIndex = 0; path = ToDoList.app; sourceTree = BUILT_PRODUCTS_DIR; };
		450200A22AB6E33B007EAE01 /* ToDoListApp.swift */ = {isa = PBXFileReference; lastKnownFileType = sourcecode.swift; path = ToDoListApp.swift; sourceTree = "<group>"; };
		450200A42AB6E33B007EAE01 /* MainView.swift */ = {isa = PBXFileReference; lastKnownFileType = sourcecode.swift; path = MainView.swift; sourceTree = "<group>"; };
		450200A62AB6E33E007EAE01 /* Assets.xcassets */ = {isa = PBXFileReference; lastKnownFileType = folder.assetcatalog; path = Assets.xcassets; sourceTree = "<group>"; };
		450200A92AB6E33E007EAE01 /* Preview Assets.xcassets */ = {isa = PBXFileReference; lastKnownFileType = folder.assetcatalog; path = "Preview Assets.xcassets"; sourceTree = "<group>"; };
		450200B92AB6E464007EAE01 /* GoogleService-Info-2.plist */ = {isa = PBXFileReference; fileEncoding = 4; lastKnownFileType = text.plist.xml; path = "GoogleService-Info-2.plist"; sourceTree = "<group>"; };
		450200CB2AB6E8F6007EAE01 /* ProfileView.swift */ = {isa = PBXFileReference; lastKnownFileType = sourcecode.swift; path = ProfileView.swift; sourceTree = "<group>"; };
		450200CD2AB6E90B007EAE01 /* ToDoListView.swift */ = {isa = PBXFileReference; lastKnownFileType = sourcecode.swift; path = ToDoListView.swift; sourceTree = "<group>"; };
		450200CF2AB6E920007EAE01 /* NewitemView.swift */ = {isa = PBXFileReference; lastKnownFileType = sourcecode.swift; path = NewitemView.swift; sourceTree = "<group>"; };
		450200D12AB6E930007EAE01 /* LoginView.swift */ = {isa = PBXFileReference; lastKnownFileType = sourcecode.swift; path = LoginView.swift; sourceTree = "<group>"; };
		450200D32AB6E940007EAE01 /* RegisterView.swift */ = {isa = PBXFileReference; lastKnownFileType = sourcecode.swift; path = RegisterView.swift; sourceTree = "<group>"; };
		450200D52AB6E95A007EAE01 /* ToDoListitemView.swift */ = {isa = PBXFileReference; lastKnownFileType = sourcecode.swift; path = ToDoListitemView.swift; sourceTree = "<group>"; };
		450200D72AB6E988007EAE01 /* User.swift */ = {isa = PBXFileReference; lastKnownFileType = sourcecode.swift; path = User.swift; sourceTree = "<group>"; };
		450200D92AB6E9A0007EAE01 /* ToDoListitem.swift */ = {isa = PBXFileReference; lastKnownFileType = sourcecode.swift; path = ToDoListitem.swift; sourceTree = "<group>"; };
		450200DB2AB6E9E0007EAE01 /* MainViewViewModel.swift */ = {isa = PBXFileReference; lastKnownFileType = sourcecode.swift; path = MainViewViewModel.swift; sourceTree = "<group>"; };
		450200DD2AB6EA04007EAE01 /* ProfileViewViewModel.swift */ = {isa = PBXFileReference; lastKnownFileType = sourcecode.swift; path = ProfileViewViewModel.swift; sourceTree = "<group>"; };
		450200DF2AB6EA2B007EAE01 /* ToDoListViewViewModel.swift */ = {isa = PBXFileReference; lastKnownFileType = sourcecode.swift; path = ToDoListViewViewModel.swift; sourceTree = "<group>"; };
		450200E12AB6EA49007EAE01 /* NewitemViewViewModel.swift */ = {isa = PBXFileReference; lastKnownFileType = sourcecode.swift; path = NewitemViewViewModel.swift; sourceTree = "<group>"; };
		450200E32AB6EA61007EAE01 /* LoginViewViewModel.swift */ = {isa = PBXFileReference; lastKnownFileType = sourcecode.swift; path = LoginViewViewModel.swift; sourceTree = "<group>"; };
		450200E52AB6EA78007EAE01 /* RegisterViewViewModel.swift */ = {isa = PBXFileReference; lastKnownFileType = sourcecode.swift; path = RegisterViewViewModel.swift; sourceTree = "<group>"; };
		450200E72AB6EAA9007EAE01 /* ToDoListitemViewViewModel.swift */ = {isa = PBXFileReference; lastKnownFileType = sourcecode.swift; path = ToDoListitemViewViewModel.swift; sourceTree = "<group>"; };
		450200E92AB6F088007EAE01 /* HeaderView.swift */ = {isa = PBXFileReference; lastKnownFileType = sourcecode.swift; path = HeaderView.swift; sourceTree = "<group>"; };
/* End PBXFileReference section */

/* Begin PBXFrameworksBuildPhase section */
		4502009C2AB6E33B007EAE01 /* Frameworks */ = {
			isa = PBXFrameworksBuildPhase;
			buildActionMask = 2147483647;
			files = (
				450200B22AB6E3BA007EAE01 /* FirebaseAuth in Frameworks */,
				450200B42AB6E3BA007EAE01 /* FirebaseFirestore in Frameworks */,
				450200B62AB6E3BA007EAE01 /* FirebaseFirestoreSwift in Frameworks */,
			);
			runOnlyForDeploymentPostprocessing = 0;
		};
/* End PBXFrameworksBuildPhase section */

/* Begin PBXGroup section */
		450200962AB6E33B007EAE01 = {
			isa = PBXGroup;
			children = (
				450200A12AB6E33B007EAE01 /* ToDoLIstApp */,
				450200A02AB6E33B007EAE01 /* Products */,
			);
			sourceTree = "<group>";
		};
		450200A02AB6E33B007EAE01 /* Products */ = {
			isa = PBXGroup;
			children = (
				4502009F2AB6E33B007EAE01 /* ToDoList.app */,
			);
			name = Products;
			sourceTree = "<group>";
		};
		450200A12AB6E33B007EAE01 /* ToDoLIstApp */ = {
			isa = PBXGroup;
			children = (
				450200BE2AB6E647007EAE01 /* Other */,
				450200BD2AB6E62B007EAE01 /* Models */,
				450200BC2AB6E60D007EAE01 /* ViewModels */,
				450200BB2AB6E5FC007EAE01 /* Views */,
				450200A82AB6E33E007EAE01 /* Preview Content */,
			);
			path = ToDoLIstApp;
			sourceTree = "<group>";
		};
		450200A82AB6E33E007EAE01 /* Preview Content */ = {
			isa = PBXGroup;
			children = (
				450200A92AB6E33E007EAE01 /* Preview Assets.xcassets */,
			);
			path = "Preview Content";
			sourceTree = "<group>";
		};
		450200BB2AB6E5FC007EAE01 /* Views */ = {
			isa = PBXGroup;
			children = (
				450200A42AB6E33B007EAE01 /* MainView.swift */,
				450200CB2AB6E8F6007EAE01 /* ProfileView.swift */,
				450200CD2AB6E90B007EAE01 /* ToDoListView.swift */,
				450200CF2AB6E920007EAE01 /* NewitemView.swift */,
				450200D12AB6E930007EAE01 /* LoginView.swift */,
				450200D32AB6E940007EAE01 /* RegisterView.swift */,
				450200D52AB6E95A007EAE01 /* ToDoListitemView.swift */,
				450200E92AB6F088007EAE01 /* HeaderView.swift */,
			);
			path = Views;
			sourceTree = "<group>";
		};
		450200BC2AB6E60D007EAE01 /* ViewModels */ = {
			isa = PBXGroup;
			children = (
				450200DB2AB6E9E0007EAE01 /* MainViewViewModel.swift */,
				450200DD2AB6EA04007EAE01 /* ProfileViewViewModel.swift */,
				450200DF2AB6EA2B007EAE01 /* ToDoListViewViewModel.swift */,
				450200E12AB6EA49007EAE01 /* NewitemViewViewModel.swift */,
				450200E32AB6EA61007EAE01 /* LoginViewViewModel.swift */,
				450200E52AB6EA78007EAE01 /* RegisterViewViewModel.swift */,
				450200E72AB6EAA9007EAE01 /* ToDoListitemViewViewModel.swift */,
			);
			path = ViewModels;
			sourceTree = "<group>";
		};
		450200BD2AB6E62B007EAE01 /* Models */ = {
			isa = PBXGroup;
			children = (
				450200D72AB6E988007EAE01 /* User.swift */,
				450200D92AB6E9A0007EAE01 /* ToDoListitem.swift */,
			);
			path = Models;
			sourceTree = "<group>";
		};
		450200BE2AB6E647007EAE01 /* Other */ = {
			isa = PBXGroup;
			children = (
				450200B92AB6E464007EAE01 /* GoogleService-Info-2.plist */,
				450200A62AB6E33E007EAE01 /* Assets.xcassets */,
				450200A22AB6E33B007EAE01 /* ToDoListApp.swift */,
			);
			path = Other;
			sourceTree = "<group>";
		};
/* End PBXGroup section */

/* Begin PBXNativeTarget section */
		4502009E2AB6E33B007EAE01 /* ToDoList */ = {
			isa = PBXNativeTarget;
			buildConfigurationList = 450200AD2AB6E33E007EAE01 /* Build configuration list for PBXNativeTarget "ToDoList" */;
			buildPhases = (
				4502009B2AB6E33B007EAE01 /* Sources */,
				4502009C2AB6E33B007EAE01 /* Frameworks */,
				4502009D2AB6E33B007EAE01 /* Resources */,
			);
			buildRules = (
			);
			dependencies = (
			);
			name = ToDoList;
			packageProductDependencies = (
				450200B12AB6E3BA007EAE01 /* FirebaseAuth */,
				450200B32AB6E3BA007EAE01 /* FirebaseFirestore */,
				450200B52AB6E3BA007EAE01 /* FirebaseFirestoreSwift */,
			);
			productName = ToDoLIstApp;
			productReference = 4502009F2AB6E33B007EAE01 /* ToDoList.app */;
			productType = "com.apple.product-type.application";
		};
/* End PBXNativeTarget section */

/* Begin PBXProject section */
		450200972AB6E33B007EAE01 /* Project object */ = {
			isa = PBXProject;
			attributes = {
				BuildIndependentTargetsInParallel = 1;
				LastSwiftUpdateCheck = 1430;
				LastUpgradeCheck = 1430;
				TargetAttributes = {
					4502009E2AB6E33B007EAE01 = {
						CreatedOnToolsVersion = 14.3.1;
					};
				};
			};
			buildConfigurationList = 4502009A2AB6E33B007EAE01 /* Build configuration list for PBXProject "ToDoList" */;
			compatibilityVersion = "Xcode 14.0";
			developmentRegion = en;
			hasScannedForEncodings = 0;
			knownRegions = (
				en,
				Base,
			);
			mainGroup = 450200962AB6E33B007EAE01;
			packageReferences = (
				450200B02AB6E3BA007EAE01 /* XCRemoteSwiftPackageReference "firebase-ios-sdk" */,
			);
			productRefGroup = 450200A02AB6E33B007EAE01 /* Products */;
			projectDirPath = "";
			projectRoot = "";
			targets = (
				4502009E2AB6E33B007EAE01 /* ToDoList */,
			);
		};
/* End PBXProject section */

/* Begin PBXResourcesBuildPhase section */
		4502009D2AB6E33B007EAE01 /* Resources */ = {
			isa = PBXResourcesBuildPhase;
			buildActionMask = 2147483647;
			files = (
				450200AA2AB6E33E007EAE01 /* Preview Assets.xcassets in Resources */,
				450200A72AB6E33E007EAE01 /* Assets.xcassets in Resources */,
				450200BA2AB6E465007EAE01 /* GoogleService-Info-2.plist in Resources */,
			);
			runOnlyForDeploymentPostprocessing = 0;
		};
/* End PBXResourcesBuildPhase section */

/* Begin PBXSourcesBuildPhase section */
		4502009B2AB6E33B007EAE01 /* Sources */ = {
			isa = PBXSourcesBuildPhase;
			buildActionMask = 2147483647;
			files = (
				450200D02AB6E920007EAE01 /* NewitemView.swift in Sources */,
				450200EA2AB6F088007EAE01 /* HeaderView.swift in Sources */,
				450200CC2AB6E8F6007EAE01 /* ProfileView.swift in Sources */,
				450200E62AB6EA78007EAE01 /* RegisterViewViewModel.swift in Sources */,
				450200DC2AB6E9E0007EAE01 /* MainViewViewModel.swift in Sources */,
				450200A52AB6E33B007EAE01 /* MainView.swift in Sources */,
				450200CE2AB6E90B007EAE01 /* ToDoListView.swift in Sources */,
				450200DE2AB6EA04007EAE01 /* ProfileViewViewModel.swift in Sources */,
				450200DA2AB6E9A0007EAE01 /* ToDoListitem.swift in Sources */,
				450200A32AB6E33B007EAE01 /* ToDoListApp.swift in Sources */,
				450200D82AB6E988007EAE01 /* User.swift in Sources */,
				450200E02AB6EA2B007EAE01 /* ToDoListViewViewModel.swift in Sources */,
				450200E42AB6EA61007EAE01 /* LoginViewViewModel.swift in Sources */,
				450200D62AB6E95A007EAE01 /* ToDoListitemView.swift in Sources */,
				450200E82AB6EAA9007EAE01 /* ToDoListitemViewViewModel.swift in Sources */,
				450200E22AB6EA49007EAE01 /* NewitemViewViewModel.swift in Sources */,
				450200D42AB6E940007EAE01 /* RegisterView.swift in Sources */,
				450200D22AB6E930007EAE01 /* LoginView.swift in Sources */,
			);
			runOnlyForDeploymentPostprocessing = 0;
		};
/* End PBXSourcesBuildPhase section */

/* Begin XCBuildConfiguration section */
		450200AB2AB6E33E007EAE01 /* Debug */ = {
			isa = XCBuildConfiguration;
			buildSettings = {
				ALWAYS_SEARCH_USER_PATHS = NO;
				CLANG_ANALYZER_NONNULL = YES;
				CLANG_ANALYZER_NUMBER_OBJECT_CONVERSION = YES_AGGRESSIVE;
				CLANG_CXX_LANGUAGE_STANDARD = "gnu++20";
				CLANG_ENABLE_MODULES = YES;
				CLANG_ENABLE_OBJC_ARC = YES;
				CLANG_ENABLE_OBJC_WEAK = YES;
				CLANG_WARN_BLOCK_CAPTURE_AUTORELEASING = YES;
				CLANG_WARN_BOOL_CONVERSION = YES;
				CLANG_WARN_COMMA = YES;
				CLANG_WARN_CONSTANT_CONVERSION = YES;
				CLANG_WARN_DEPRECATED_OBJC_IMPLEMENTATIONS = YES;
				CLANG_WARN_DIRECT_OBJC_ISA_USAGE = YES_ERROR;
				CLANG_WARN_DOCUMENTATION_COMMENTS = YES;
				CLANG_WARN_EMPTY_BODY = YES;
				CLANG_WARN_ENUM_CONVERSION = YES;
				CLANG_WARN_INFINITE_RECURSION = YES;
				CLANG_WARN_INT_CONVERSION = YES;
				CLANG_WARN_NON_LITERAL_NULL_CONVERSION = YES;
				CLANG_WARN_OBJC_IMPLICIT_RETAIN_SELF = YES;
				CLANG_WARN_OBJC_LITERAL_CONVERSION = YES;
				CLANG_WARN_OBJC_ROOT_CLASS = YES_ERROR;
				CLANG_WARN_QUOTED_INCLUDE_IN_FRAMEWORK_HEADER = YES;
				CLANG_WARN_RANGE_LOOP_ANALYSIS = YES;
				CLANG_WARN_STRICT_PROTOTYPES = YES;
				CLANG_WARN_SUSPICIOUS_MOVE = YES;
				CLANG_WARN_UNGUARDED_AVAILABILITY = YES_AGGRESSIVE;
				CLANG_WARN_UNREACHABLE_CODE = YES;
				CLANG_WARN__DUPLICATE_METHOD_MATCH = YES;
				COPY_PHASE_STRIP = NO;
				DEBUG_INFORMATION_FORMAT = dwarf;
				ENABLE_STRICT_OBJC_MSGSEND = YES;
				ENABLE_TESTABILITY = YES;
				GCC_C_LANGUAGE_STANDARD = gnu11;
				GCC_DYNAMIC_NO_PIC = NO;
				GCC_NO_COMMON_BLOCKS = YES;
				GCC_OPTIMIZATION_LEVEL = 0;
				GCC_PREPROCESSOR_DEFINITIONS = (
					"DEBUG=1",
					"$(inherited)",
				);
				GCC_WARN_64_TO_32_BIT_CONVERSION = YES;
				GCC_WARN_ABOUT_RETURN_TYPE = YES_ERROR;
				GCC_WARN_UNDECLARED_SELECTOR = YES;
				GCC_WARN_UNINITIALIZED_AUTOS = YES_AGGRESSIVE;
				GCC_WARN_UNUSED_FUNCTION = YES;
				GCC_WARN_UNUSED_VARIABLE = YES;
				IPHONEOS_DEPLOYMENT_TARGET = 16.4;
				MTL_ENABLE_DEBUG_INFO = INCLUDE_SOURCE;
				MTL_FAST_MATH = YES;
				ONLY_ACTIVE_ARCH = YES;
				SDKROOT = iphoneos;
				SWIFT_ACTIVE_COMPILATION_CONDITIONS = DEBUG;
				SWIFT_OPTIMIZATION_LEVEL = "-Onone";
			};
			name = Debug;
		};
		450200AC2AB6E33E007EAE01 /* Release */ = {
			isa = XCBuildConfiguration;
			buildSettings = {
				ALWAYS_SEARCH_USER_PATHS = NO;
				CLANG_ANALYZER_NONNULL = YES;
				CLANG_ANALYZER_NUMBER_OBJECT_CONVERSION = YES_AGGRESSIVE;
				CLANG_CXX_LANGUAGE_STANDARD = "gnu++20";
				CLANG_ENABLE_MODULES = YES;
				CLANG_ENABLE_OBJC_ARC = YES;
				CLANG_ENABLE_OBJC_WEAK = YES;
				CLANG_WARN_BLOCK_CAPTURE_AUTORELEASING = YES;
				CLANG_WARN_BOOL_CONVERSION = YES;
				CLANG_WARN_COMMA = YES;
				CLANG_WARN_CONSTANT_CONVERSION = YES;
				CLANG_WARN_DEPRECATED_OBJC_IMPLEMENTATIONS = YES;
				CLANG_WARN_DIRECT_OBJC_ISA_USAGE = YES_ERROR;
				CLANG_WARN_DOCUMENTATION_COMMENTS = YES;
				CLANG_WARN_EMPTY_BODY = YES;
				CLANG_WARN_ENUM_CONVERSION = YES;
				CLANG_WARN_INFINITE_RECURSION = YES;
				CLANG_WARN_INT_CONVERSION = YES;
				CLANG_WARN_NON_LITERAL_NULL_CONVERSION = YES;
				CLANG_WARN_OBJC_IMPLICIT_RETAIN_SELF = YES;
				CLANG_WARN_OBJC_LITERAL_CONVERSION = YES;
				CLANG_WARN_OBJC_ROOT_CLASS = YES_ERROR;
				CLANG_WARN_QUOTED_INCLUDE_IN_FRAMEWORK_HEADER = YES;
				CLANG_WARN_RANGE_LOOP_ANALYSIS = YES;
				CLANG_WARN_STRICT_PROTOTYPES = YES;
				CLANG_WARN_SUSPICIOUS_MOVE = YES;
				CLANG_WARN_UNGUARDED_AVAILABILITY = YES_AGGRESSIVE;
				CLANG_WARN_UNREACHABLE_CODE = YES;
				CLANG_WARN__DUPLICATE_METHOD_MATCH = YES;
				COPY_PHASE_STRIP = NO;
				DEBUG_INFORMATION_FORMAT = "dwarf-with-dsym";
				ENABLE_NS_ASSERTIONS = NO;
				ENABLE_STRICT_OBJC_MSGSEND = YES;
				GCC_C_LANGUAGE_STANDARD = gnu11;
				GCC_NO_COMMON_BLOCKS = YES;
				GCC_WARN_64_TO_32_BIT_CONVERSION = YES;
				GCC_WARN_ABOUT_RETURN_TYPE = YES_ERROR;
				GCC_WARN_UNDECLARED_SELECTOR = YES;
				GCC_WARN_UNINITIALIZED_AUTOS = YES_AGGRESSIVE;
				GCC_WARN_UNUSED_FUNCTION = YES;
				GCC_WARN_UNUSED_VARIABLE = YES;
				IPHONEOS_DEPLOYMENT_TARGET = 16.4;
				MTL_ENABLE_DEBUG_INFO = NO;
				MTL_FAST_MATH = YES;
				SDKROOT = iphoneos;
				SWIFT_COMPILATION_MODE = wholemodule;
				SWIFT_OPTIMIZATION_LEVEL = "-O";
				VALIDATE_PRODUCT = YES;
			};
			name = Release;
		};
		450200AE2AB6E33E007EAE01 /* Debug */ = {
			isa = XCBuildConfiguration;
			buildSettings = {
				ASSETCATALOG_COMPILER_APPICON_NAME = AppIcon;
				ASSETCATALOG_COMPILER_GLOBAL_ACCENT_COLOR_NAME = AccentColor;
				CODE_SIGN_STYLE = Automatic;
				CURRENT_PROJECT_VERSION = 1;
				DEVELOPMENT_ASSET_PATHS = "\"ToDoLIstApp/Preview Content\"";
				ENABLE_PREVIEWS = YES;
				GENERATE_INFOPLIST_FILE = YES;
				INFOPLIST_KEY_CFBundleDisplayName = "To Do List";
				INFOPLIST_KEY_UIApplicationSceneManifest_Generation = YES;
				INFOPLIST_KEY_UIApplicationSupportsIndirectInputEvents = YES;
				INFOPLIST_KEY_UILaunchScreen_Generation = YES;
				INFOPLIST_KEY_UISupportedInterfaceOrientations = UIInterfaceOrientationPortrait;
				LD_RUNPATH_SEARCH_PATHS = (
					"$(inherited)",
					"@executable_path/Frameworks",
				);
				MARKETING_VERSION = 1.0;
				PRODUCT_BUNDLE_IDENTIFIER = com.dona.ToDoLIstApp;
				PRODUCT_NAME = "$(TARGET_NAME)";
				SWIFT_EMIT_LOC_STRINGS = YES;
				SWIFT_VERSION = 5.0;
				TARGETED_DEVICE_FAMILY = "1,2";
			};
			name = Debug;
		};
		450200AF2AB6E33E007EAE01 /* Release */ = {
			isa = XCBuildConfiguration;
			buildSettings = {
				ASSETCATALOG_COMPILER_APPICON_NAME = AppIcon;
				ASSETCATALOG_COMPILER_GLOBAL_ACCENT_COLOR_NAME = AccentColor;
				CODE_SIGN_STYLE = Automatic;
				CURRENT_PROJECT_VERSION = 1;
				DEVELOPMENT_ASSET_PATHS = "\"ToDoLIstApp/Preview Content\"";
				ENABLE_PREVIEWS = YES;
				GENERATE_INFOPLIST_FILE = YES;
				INFOPLIST_KEY_CFBundleDisplayName = "To Do List";
				INFOPLIST_KEY_UIApplicationSceneManifest_Generation = YES;
				INFOPLIST_KEY_UIApplicationSupportsIndirectInputEvents = YES;
				INFOPLIST_KEY_UILaunchScreen_Generation = YES;
				INFOPLIST_KEY_UISupportedInterfaceOrientations = UIInterfaceOrientationPortrait;
				LD_RUNPATH_SEARCH_PATHS = (
					"$(inherited)",
					"@executable_path/Frameworks",
				);
				MARKETING_VERSION = 1.0;
				PRODUCT_BUNDLE_IDENTIFIER = com.dona.ToDoLIstApp;
				PRODUCT_NAME = "$(TARGET_NAME)";
				SWIFT_EMIT_LOC_STRINGS = YES;
				SWIFT_VERSION = 5.0;
				TARGETED_DEVICE_FAMILY = "1,2";
			};
			name = Release;
		};
/* End XCBuildConfiguration section */

/* Begin XCConfigurationList section */
		4502009A2AB6E33B007EAE01 /* Build configuration list for PBXProject "ToDoList" */ = {
			isa = XCConfigurationList;
			buildConfigurations = (
				450200AB2AB6E33E007EAE01 /* Debug */,
				450200AC2AB6E33E007EAE01 /* Release */,
			);
			defaultConfigurationIsVisible = 0;
			defaultConfigurationName = Release;
		};
		450200AD2AB6E33E007EAE01 /* Build configuration list for PBXNativeTarget "ToDoList" */ = {
			isa = XCConfigurationList;
			buildConfigurations = (
				450200AE2AB6E33E007EAE01 /* Debug */,
				450200AF2AB6E33E007EAE01 /* Release */,
			);
			defaultConfigurationIsVisible = 0;
			defaultConfigurationName = Release;
		};
/* End XCConfigurationList section */

/* Begin XCRemoteSwiftPackageReference section */
		450200B02AB6E3BA007EAE01 /* XCRemoteSwiftPackageReference "firebase-ios-sdk" */ = {
			isa = XCRemoteSwiftPackageReference;
			repositoryURL = "https://github.com/firebase/firebase-ios-sdk";
			requirement = {
				kind = upToNextMajorVersion;
				minimumVersion = 10.0.0;
			};
		};
/* End XCRemoteSwiftPackageReference section */

/* Begin XCSwiftPackageProductDependency section */
		450200B12AB6E3BA007EAE01 /* FirebaseAuth */ = {
			isa = XCSwiftPackageProductDependency;
			package = 450200B02AB6E3BA007EAE01 /* XCRemoteSwiftPackageReference "firebase-ios-sdk" */;
			productName = FirebaseAuth;
		};
		450200B32AB6E3BA007EAE01 /* FirebaseFirestore */ = {
			isa = XCSwiftPackageProductDependency;
			package = 450200B02AB6E3BA007EAE01 /* XCRemoteSwiftPackageReference "firebase-ios-sdk" */;
			productName = FirebaseFirestore;
		};
		450200B52AB6E3BA007EAE01 /* FirebaseFirestoreSwift */ = {
			isa = XCSwiftPackageProductDependency;
			package = 450200B02AB6E3BA007EAE01 /* XCRemoteSwiftPackageReference "firebase-ios-sdk" */;
			productName = FirebaseFirestoreSwift;
		};
/* End XCSwiftPackageProductDependency section */
	};
	rootObject = 450200972AB6E33B007EAE01 /* Project object */;
}
